
Microsoft Visual Studio Solution File, Format Version 12.00
# Visual Studio Version 17
VisualStudioVersion = 17.5.33516.290
MinimumVisualStudioVersion = 10.0.40219.1
Project("{FAE04EC0-301F-11D3-BF4B-00C04F79EFBC}") = "Planetario", "Planetario.csproj", "{77A08CE8-3F38-45B3-9DC0-22B15833A4F5}"
EndProject
Global
	GlobalSection(SolutionConfigurationPlatforms) = preSolution
		Debug|Any CPU = Debug|Any CPU
		Release|Any CPU = Release|Any CPU
	EndGlobalSection
	GlobalSection(ProjectConfigurationPlatforms) = postSolution
		{77A08CE8-3F38-45B3-9DC0-22B15833A4F5}.Debug|Any CPU.ActiveCfg = Debug|Any CPU
		{77A08CE8-3F38-45B3-9DC0-22B15833A4F5}.Debug|Any CPU.Build.0 = Debug|Any CPU
		{77A08CE8-3F38-45B3-9DC0-22B15833A4F5}.Release|Any CPU.ActiveCfg = Release|Any CPU
		{77A08CE8-3F38-45B3-9DC0-22B15833A4F5}.Release|Any CPU.Build.0 = Release|Any CPU
	EndGlobalSection
	GlobalSection(SolutionProperties) = preSolution
		HideSolutionNode = FALSE
	EndGlobalSection
	GlobalSection(ExtensibilityGlobals) = postSolution
		SolutionGuid = {0156D35F-F5B3-4E4B-A892-D667B9EB3101}
	EndGlobalSection
EndGlobal
